schema: '2.0'
stages:
  common-prepare-train-data:
    cmd: "credit-risk common-prepare-train-data --input-path data/raw/cs-training.csv
      --output-path data/interim/train_prepared.csv\n"
    deps:
    - path: data/raw/cs-training.csv
      hash: md5
      md5: cce525a1d41f234f58d3bb52f3d2516b
      size: 7564965
    - path: src/credit_risk_scoring/preprocessing/commands.py
      hash: md5
      md5: e0429c22fb24f1ea4caa09d705c9d6a4
      size: 3110
    - path: src/credit_risk_scoring/preprocessing/common_prepare_data.py
      hash: md5
      md5: ecc258980cdb0c61c9c67c63fc8b18b3
      size: 3677
    outs:
    - path: data/interim/train_prepared.csv
      hash: md5
      md5: f08ecf46e24b9dca646c65953274ff2c
      size: 7891655
  common-prepare-test-data:
    cmd: "credit-risk common-prepare-test-data --input-path data/raw/cs-test.csv --output-path
      data/interim/test_prepared.csv\n"
    deps:
    - path: data/raw/cs-test.csv
      hash: md5
      md5: 62a1c4fe5ae82e6d0665dc97f6cb113a
      size: 4983329
    - path: src/credit_risk_scoring/preprocessing/commands.py
      hash: md5
      md5: e0429c22fb24f1ea4caa09d705c9d6a4
      size: 3110
    - path: src/credit_risk_scoring/preprocessing/common_prepare_data.py
      hash: md5
      md5: ecc258980cdb0c61c9c67c63fc8b18b3
      size: 3677
    outs:
    - path: data/interim/test_prepared.csv
      hash: md5
      md5: 451f88cb2e3188ec74c833dc892132a6
      size: 5243488
  build-feature-engineering-datasets:
    cmd: "credit-risk build-feature-engineering-datasets --train-input-path data/interim/train_prepared.csv
      --test-input-path data/interim/test_prepared.csv --linear-train-output-path
      data/processed/linear/train.csv --linear-test-output-path data/processed/linear/test.csv
      --tree-train-output-path data/processed/tree/train.csv --tree-test-output-path
      data/processed/tree/test.csv\n"
    deps:
    - path: data/interim/test_prepared.csv
      hash: md5
      md5: 451f88cb2e3188ec74c833dc892132a6
      size: 5243488
    - path: data/interim/train_prepared.csv
      hash: md5
      md5: f08ecf46e24b9dca646c65953274ff2c
      size: 7891655
    - path: src/credit_risk_scoring/cli.py
      hash: md5
      md5: 54fc47991631782484a06b3e341df84f
      size: 391
    - path: src/credit_risk_scoring/preprocessing/commands.py
      hash: md5
      md5: e0429c22fb24f1ea4caa09d705c9d6a4
      size: 3110
    - path: src/credit_risk_scoring/preprocessing/feature_engineering.py
      hash: md5
      md5: 6b3a0968ea78f0f2919ea6cfdcf7690f
      size: 20374
    outs:
    - path: data/processed/linear/test.csv
      hash: md5
      md5: 35552a0e58d3bbb78c16ad786087065a
      size: 16135084
    - path: data/processed/linear/train.csv
      hash: md5
      md5: 5c8d51506409cfc8b836a8babe405254
      size: 23971683
    - path: data/processed/tree/test.csv
      hash: md5
      md5: 17d8219bfed9a049bcf26c513c8bf132
      size: 7238638
    - path: data/processed/tree/train.csv
      hash: md5
      md5: 986a804f3da093b7613ab763474cee94
      size: 10836890
